
Microsoft Visual Studio Solution File, Format Version 12.00
# Visual Studio Version 17
VisualStudioVersion = 17.2.32526.322
MinimumVisualStudioVersion = 10.0.40219.1
Project("{9A19103F-16F7-4668-BE54-9A1E7A4F7556}") = "Onion.Host", "Onion.Host\Onion.Host.csproj", "{F210CB43-6B61-413B-AE44-3E1CF344D825}"
EndProject
Project("{9A19103F-16F7-4668-BE54-9A1E7A4F7556}") = "Onion.Core", "Onion.Core\Onion.Core.csproj", "{8E1F6C47-CC88-4D60-8A3A-8F57FDDC179A}"
EndProject
Project("{9A19103F-16F7-4668-BE54-9A1E7A4F7556}") = "Onion.Infra", "Onion.Infra\Onion.Infra.csproj", "{C645F079-228B-46E4-8A15-71AE09FA2ACD}"
EndProject
Project("{9A19103F-16F7-4668-BE54-9A1E7A4F7556}") = "Onion.App", "Onion.App\Onion.App.csproj", "{8D91E48F-571F-419E-9375-DC640D7FA5A3}"
EndProject
Project("{9A19103F-16F7-4668-BE54-9A1E7A4F7556}") = "Onion.Domain", "Onion.Domain\Onion.Domain.csproj", "{34973E6A-588A-402F-B444-E7164BF12C88}"
EndProject
Global
	GlobalSection(SolutionConfigurationPlatforms) = preSolution
		Debug|Any CPU = Debug|Any CPU
		Release|Any CPU = Release|Any CPU
	EndGlobalSection
	GlobalSection(ProjectConfigurationPlatforms) = postSolution
		{F210CB43-6B61-413B-AE44-3E1CF344D825}.Debug|Any CPU.ActiveCfg = Debug|Any CPU
		{F210CB43-6B61-413B-AE44-3E1CF344D825}.Debug|Any CPU.Build.0 = Debug|Any CPU
		{F210CB43-6B61-413B-AE44-3E1CF344D825}.Release|Any CPU.ActiveCfg = Release|Any CPU
		{F210CB43-6B61-413B-AE44-3E1CF344D825}.Release|Any CPU.Build.0 = Release|Any CPU
		{8E1F6C47-CC88-4D60-8A3A-8F57FDDC179A}.Debug|Any CPU.ActiveCfg = Debug|Any CPU
		{8E1F6C47-CC88-4D60-8A3A-8F57FDDC179A}.Debug|Any CPU.Build.0 = Debug|Any CPU
		{8E1F6C47-CC88-4D60-8A3A-8F57FDDC179A}.Release|Any CPU.ActiveCfg = Release|Any CPU
		{8E1F6C47-CC88-4D60-8A3A-8F57FDDC179A}.Release|Any CPU.Build.0 = Release|Any CPU
		{C645F079-228B-46E4-8A15-71AE09FA2ACD}.Debug|Any CPU.ActiveCfg = Debug|Any CPU
		{C645F079-228B-46E4-8A15-71AE09FA2ACD}.Debug|Any CPU.Build.0 = Debug|Any CPU
		{C645F079-228B-46E4-8A15-71AE09FA2ACD}.Release|Any CPU.ActiveCfg = Release|Any CPU
		{C645F079-228B-46E4-8A15-71AE09FA2ACD}.Release|Any CPU.Build.0 = Release|Any CPU
		{8D91E48F-571F-419E-9375-DC640D7FA5A3}.Debug|Any CPU.ActiveCfg = Debug|Any CPU
		{8D91E48F-571F-419E-9375-DC640D7FA5A3}.Debug|Any CPU.Build.0 = Debug|Any CPU
		{8D91E48F-571F-419E-9375-DC640D7FA5A3}.Release|Any CPU.ActiveCfg = Release|Any CPU
		{8D91E48F-571F-419E-9375-DC640D7FA5A3}.Release|Any CPU.Build.0 = Release|Any CPU
		{34973E6A-588A-402F-B444-E7164BF12C88}.Debug|Any CPU.ActiveCfg = Debug|Any CPU
		{34973E6A-588A-402F-B444-E7164BF12C88}.Debug|Any CPU.Build.0 = Debug|Any CPU
		{34973E6A-588A-402F-B444-E7164BF12C88}.Release|Any CPU.ActiveCfg = Release|Any CPU
		{34973E6A-588A-402F-B444-E7164BF12C88}.Release|Any CPU.Build.0 = Release|Any CPU
	EndGlobalSection
	GlobalSection(SolutionProperties) = preSolution
		HideSolutionNode = FALSE
	EndGlobalSection
	GlobalSection(ExtensibilityGlobals) = postSolution
		SolutionGuid = {70FD494E-ECD3-4108-B480-1784872EEF4E}
	EndGlobalSection
EndGlobal
